
Microsoft Visual Studio Solution File, Format Version 12.00
# Visual Studio Version 17
VisualStudioVersion = 17.13.35818.85 d17.13
MinimumVisualStudioVersion = 10.0.40219.1
Project("{FAE04EC0-301F-11D3-BF4B-00C04F79EFBC}") = "LANGHAM HOTEL MANAGEMENT System", "LANGHAM HOTEL MANAGEMENT System\LANGHAM HOTEL MANAGEMENT System.csproj", "{A96123B0-843A-40CC-B5FD-0F312C033902}"
EndProject
Global
	GlobalSection(SolutionConfigurationPlatforms) = preSolution
		Debug|Any CPU = Debug|Any CPU
		Release|Any CPU = Release|Any CPU
	EndGlobalSection
	GlobalSection(ProjectConfigurationPlatforms) = postSolution
		{A96123B0-843A-40CC-B5FD-0F312C033902}.Debug|Any CPU.ActiveCfg = Debug|Any CPU
		{A96123B0-843A-40CC-B5FD-0F312C033902}.Debug|Any CPU.Build.0 = Debug|Any CPU
		{A96123B0-843A-40CC-B5FD-0F312C033902}.Release|Any CPU.ActiveCfg = Release|Any CPU
		{A96123B0-843A-40CC-B5FD-0F312C033902}.Release|Any CPU.Build.0 = Release|Any CPU
	EndGlobalSection
	GlobalSection(SolutionProperties) = preSolution
		HideSolutionNode = FALSE
	EndGlobalSection
	GlobalSection(ExtensibilityGlobals) = postSolution
		SolutionGuid = {14E51425-7862-4BED-8707-A86DD692CFCF}
	EndGlobalSection
EndGlobal
